{
  "name": "waveguide",
  "version": "0.0.1",
  "lockfileVersion": 1,
  "requires": true,
  "dependencies": {
    "amdefine": {
      "version": "1.0.1",
      "resolved": "https://registry.npmjs.org/amdefine/-/amdefine-1.0.1.tgz",
      "integrity": "sha1-SlKCrBZHKek2Gbz9OtFR+BfOkfU="
    },
    "balanced-match": {
      "version": "1.0.0",
      "resolved": "https://registry.npmjs.org/balanced-match/-/balanced-match-1.0.0.tgz",
      "integrity": "sha1-ibTRmasr7kneFk6gK4nORi1xt2c="
    },
    "brace-expansion": {
      "version": "1.1.8",
      "resolved": "https://registry.npmjs.org/brace-expansion/-/brace-expansion-1.1.8.tgz",
      "integrity": "sha1-wHshHHyVLsH479Uad+8NHTmQopI=",
      "requires": {
        "balanced-match": "1.0.0",
        "concat-map": "0.0.1"
      }
    },
    "commander": {
      "version": "2.12.2",
      "resolved": "https://registry.npmjs.org/commander/-/commander-2.12.2.tgz",
      "integrity": "sha512-BFnaq5ZOGcDN7FlrtBT4xxkgIToalIIxwjxLWVJ8bGTpe1LroqMiqQXdA7ygc7CRvaYS+9zfPGFnJqFSayx+AA=="
    },
    "concat-map": {
      "version": "0.0.1",
      "resolved": "https://registry.npmjs.org/concat-map/-/concat-map-0.0.1.tgz",
      "integrity": "sha1-2Klr13/Wjfd5OnMDajug1UBdR3s="
    },
    "deamdify": {
      "version": "0.3.0",
      "resolved": "https://registry.npmjs.org/deamdify/-/deamdify-0.3.0.tgz",
      "integrity": "sha1-uR6wuS7n1tB4BUaZjbdnI0qKKsE=",
      "requires": {
        "escodegen": "1.9.0",
        "esprima": "2.7.3",
        "estraverse": "4.2.0",
        "through": "2.3.8"
      }
    },
    "deep-is": {
      "version": "0.1.3",
      "resolved": "https://registry.npmjs.org/deep-is/-/deep-is-0.1.3.tgz",
      "integrity": "sha1-s2nW+128E+7PUk+RsHD+7cNXzzQ="
    },
    "deglobalify": {
      "version": "0.2.0",
      "resolved": "https://registry.npmjs.org/deglobalify/-/deglobalify-0.2.0.tgz",
      "integrity": "sha1-tT/8G728SCR+c/veMPZN6DJo4tk=",
      "requires": {
        "escodegen": "0.0.28",
        "falafel": "0.3.1",
        "through": "2.3.8"
      },
      "dependencies": {
        "escodegen": {
          "version": "0.0.28",
          "resolved": "https://registry.npmjs.org/escodegen/-/escodegen-0.0.28.tgz",
          "integrity": "sha1-Dk/xcV8yh3XWyrUaxEpAbNer/9M=",
          "requires": {
            "esprima": "1.0.4",
            "estraverse": "1.3.2",
            "source-map": "0.5.7"
          }
        },
        "esprima": {
          "version": "1.0.4",
          "resolved": "https://registry.npmjs.org/esprima/-/esprima-1.0.4.tgz",
          "integrity": "sha1-n1V+CPw7TSbs6d00+Pv0drYlha0="
        },
        "estraverse": {
          "version": "1.3.2",
          "resolved": "https://registry.npmjs.org/estraverse/-/estraverse-1.3.2.tgz",
          "integrity": "sha1-N8K4k+8T1yPydth41g2FNRUqbEI="
        }
      }
    },
    "es6ify": {
      "version": "1.6.0",
      "resolved": "https://registry.npmjs.org/es6ify/-/es6ify-1.6.0.tgz",
      "integrity": "sha1-4pJbcZIrLX+FT2GXnNDWXMImclU=",
      "requires": {
        "through": "2.2.7",
        "traceur": "0.0.79",
        "xtend": "2.2.0"
      },
      "dependencies": {
        "through": {
          "version": "2.2.7",
          "resolved": "https://registry.npmjs.org/through/-/through-2.2.7.tgz",
          "integrity": "sha1-bo4hIAGR1OtqmfbwEN9Gqhxusr0="
        }
      }
    },
    "escodegen": {
      "version": "1.9.0",
      "resolved": "https://registry.npmjs.org/escodegen/-/escodegen-1.9.0.tgz",
      "integrity": "sha512-v0MYvNQ32bzwoG2OSFzWAkuahDQHK92JBN0pTAALJ4RIxEZe766QJPDR8Hqy7XNUy5K3fnVL76OqYAdc4TZEIw==",
      "requires": {
        "esprima": "3.1.3",
        "estraverse": "4.2.0",
        "esutils": "2.0.2",
        "optionator": "0.8.2",
        "source-map": "0.5.7"
      },
      "dependencies": {
        "esprima": {
          "version": "3.1.3",
          "resolved": "https://registry.npmjs.org/esprima/-/esprima-3.1.3.tgz",
          "integrity": "sha1-/cpRzuYTOJXjyI1TXOSdv/YqRjM="
        }
      }
    },
    "esprima": {
      "version": "2.7.3",
      "resolved": "https://registry.npmjs.org/esprima/-/esprima-2.7.3.tgz",
      "integrity": "sha1-luO3DVd59q1JzQMmc9HDEnZ7pYE="
    },
    "estraverse": {
      "version": "4.2.0",
      "resolved": "https://registry.npmjs.org/estraverse/-/estraverse-4.2.0.tgz",
      "integrity": "sha1-De4/7TH81GlhjOc0IJn8GvoL2xM="
    },
    "esutils": {
      "version": "2.0.2",
      "resolved": "https://registry.npmjs.org/esutils/-/esutils-2.0.2.tgz",
      "integrity": "sha1-Cr9PHKpbyx96nYrMbepPqqBLrJs="
    },
    "falafel": {
      "version": "0.3.1",
      "resolved": "https://registry.npmjs.org/falafel/-/falafel-0.3.1.tgz",
      "integrity": "sha1-81RnSIFPfQlUPRny+z1gkPE2hT0=",
      "requires": {
        "esprima": "1.1.0-dev"
      },
      "dependencies": {
        "esprima": {
          "version": "1.1.0-dev",
          "bundled": true
        }
      }
    },
    "fast-levenshtein": {
      "version": "2.0.6",
      "resolved": "https://registry.npmjs.org/fast-levenshtein/-/fast-levenshtein-2.0.6.tgz",
      "integrity": "sha1-PYpcZog6FqMMqGQ+hR8Zuqd5eRc="
    },
    "glob": {
      "version": "4.3.5",
      "resolved": "https://registry.npmjs.org/glob/-/glob-4.3.5.tgz",
      "integrity": "sha1-gPuwjKVA8jiszl0R0em8QedRc9M=",
      "requires": {
        "inflight": "1.0.6",
        "inherits": "2.0.3",
        "minimatch": "2.0.10",
        "once": "1.4.0"
      }
    },
    "inflight": {
      "version": "1.0.6",
      "resolved": "https://registry.npmjs.org/inflight/-/inflight-1.0.6.tgz",
      "integrity": "sha1-Sb1jMdfQLQwJvJEKEHW6gWW1bfk=",
      "requires": {
        "once": "1.4.0",
        "wrappy": "1.0.2"
      }
    },
    "inherits": {
      "version": "2.0.3",
      "resolved": "https://registry.npmjs.org/inherits/-/inherits-2.0.3.tgz",
      "integrity": "sha1-Yzwsg+PaQqUC9SRmAiSA9CCCYd4="
    },
    "levn": {
      "version": "0.3.0",
      "resolved": "https://registry.npmjs.org/levn/-/levn-0.3.0.tgz",
      "integrity": "sha1-OwmSTt+fCDwEkP3UwLxEIeBHZO4=",
      "requires": {
        "prelude-ls": "1.1.2",
        "type-check": "0.3.2"
      }
    },
    "minimatch": {
      "version": "2.0.10",
      "resolved": "https://registry.npmjs.org/minimatch/-/minimatch-2.0.10.tgz",
      "integrity": "sha1-jQh8OcazjAAbl/ynzm0OHoCvusc=",
      "requires": {
        "brace-expansion": "1.1.8"
      }
    },
    "once": {
      "version": "1.4.0",
      "resolved": "https://registry.npmjs.org/once/-/once-1.4.0.tgz",
      "integrity": "sha1-WDsap3WWHUsROsF9nFC6753Xa9E=",
      "requires": {
        "wrappy": "1.0.2"
      }
    },
    "optionator": {
      "version": "0.8.2",
      "resolved": "https://registry.npmjs.org/optionator/-/optionator-0.8.2.tgz",
      "integrity": "sha1-NkxeQJ0/TWMB1sC0wFu6UBgK62Q=",
      "requires": {
        "deep-is": "0.1.3",
        "fast-levenshtein": "2.0.6",
        "levn": "0.3.0",
        "prelude-ls": "1.1.2",
        "type-check": "0.3.2",
        "wordwrap": "1.0.0"
      }
    },
    "prelude-ls": {
      "version": "1.1.2",
      "resolved": "https://registry.npmjs.org/prelude-ls/-/prelude-ls-1.1.2.tgz",
      "integrity": "sha1-IZMqVJ9eUv/ZqCf1cOBL5iqX2lQ="
    },
    "rsvp": {
      "version": "3.6.2",
      "resolved": "https://registry.npmjs.org/rsvp/-/rsvp-3.6.2.tgz",
      "integrity": "sha512-OfWGQTb9vnwRjwtA2QwpG2ICclHC3pgXZO5xt8H2EfgDquO0qVdSb5T88L4qJVAEugbS56pAuV4XZM58UX8ulw=="
    },
    "semver": {
      "version": "2.3.2",
      "resolved": "https://registry.npmjs.org/semver/-/semver-2.3.2.tgz",
      "integrity": "sha1-uYSPJdbPNjMwc+ye+IVtQvEjPlI="
    },
    "source-map": {
      "version": "0.5.7",
      "resolved": "https://registry.npmjs.org/source-map/-/source-map-0.5.7.tgz",
      "integrity": "sha1-igOdLRAh0i0eoUyA2OpGi6LvP8w=",
      "optional": true
    },
    "source-map-support": {
      "version": "0.2.10",
      "resolved": "https://registry.npmjs.org/source-map-support/-/source-map-support-0.2.10.tgz",
      "integrity": "sha1-6lo5AKHByyUJagrozFwrSxDe09w=",
      "requires": {
        "source-map": "0.1.32"
      },
      "dependencies": {
        "source-map": {
          "version": "0.1.32",
          "resolved": "https://registry.npmjs.org/source-map/-/source-map-0.1.32.tgz",
          "integrity": "sha1-yLbBZ3l7pHQKjqMyUhYv8IWRsmY=",
          "requires": {
            "amdefine": "1.0.1"
          }
        }
      }
    },
    "through": {
      "version": "2.3.8",
      "resolved": "https://registry.npmjs.org/through/-/through-2.3.8.tgz",
      "integrity": "sha1-DdTJ/6q8NXlgsbckEV1+Doai4fU="
    },
    "traceur": {
      "version": "0.0.79",
      "resolved": "https://registry.npmjs.org/traceur/-/traceur-0.0.79.tgz",
      "integrity": "sha1-r73EXjq5cl73iz+7P0IZwiUj8pY=",
      "requires": {
        "commander": "2.12.2",
        "glob": "4.3.5",
        "rsvp": "3.6.2",
        "semver": "2.3.2",
        "source-map-support": "0.2.10"
      }
    },
    "type-check": {
      "version": "0.3.2",
      "resolved": "https://registry.npmjs.org/type-check/-/type-check-0.3.2.tgz",
      "integrity": "sha1-WITKtRLPHTVeP7eE8wgEsrUg23I=",
      "requires": {
        "prelude-ls": "1.1.2"
      }
    },
    "wordwrap": {
      "version": "1.0.0",
      "resolved": "https://registry.npmjs.org/wordwrap/-/wordwrap-1.0.0.tgz",
      "integrity": "sha1-J1hIEIkUVqQXHI0CJkQa3pDLyus="
    },
    "wrappy": {
      "version": "1.0.2",
      "resolved": "https://registry.npmjs.org/wrappy/-/wrappy-1.0.2.tgz",
      "integrity": "sha1-tSQ9jz7BqjXxNkYFvA0QNuMKtp8="
    },
    "xtend": {
      "version": "2.2.0",
      "resolved": "https://registry.npmjs.org/xtend/-/xtend-2.2.0.tgz",
      "integrity": "sha1-7vax8ZjByN6vrYsXZaBNrUoBxak="
    }
  }
}
